
Microsoft Visual Studio Solution File, Format Version 12.00
# Visual Studio Version 17
VisualStudioVersion = 17.5.002.0
MinimumVisualStudioVersion = 10.0.40219.1
Project("{2150E333-8FDC-42A3-9474-1A3956D46DE8}") = "csharp-prep", "csharp-prep", "{0577E2DE-2FFC-49CB-9985-171702F86906}"
EndProject
Project("{9A19103F-16F7-4668-BE54-9A1E7A4F7556}") = "Prep1", "csharp-prep\Prep1\Prep1.csproj", "{E6D9D10E-19BE-40F5-8C3A-C0884FCA8F7D}"
EndProject
Project("{9A19103F-16F7-4668-BE54-9A1E7A4F7556}") = "Prep2", "csharp-prep\Prep2\Prep2.csproj", "{D4144F0A-946A-4AD4-92F6-39319BD4CF1F}"
EndProject
Project("{9A19103F-16F7-4668-BE54-9A1E7A4F7556}") = "Prep3", "csharp-prep\Prep3\Prep3.csproj", "{DA58D92C-4F08-4C3D-9C7D-10351A58C757}"
EndProject
Project("{9A19103F-16F7-4668-BE54-9A1E7A4F7556}") = "Prep4", "csharp-prep\Prep4\Prep4.csproj", "{E82D956E-9329-4D31-B7E8-2944ECD880D8}"
EndProject
Project("{9A19103F-16F7-4668-BE54-9A1E7A4F7556}") = "Prep5", "csharp-prep\Prep5\Prep5.csproj", "{E0124FB2-902D-4751-BD10-5AB6C80AD360}"
EndProject
Project("{2150E333-8FDC-42A3-9474-1A3956D46DE8}") = "final", "final", "{AA742F57-BF4B-48E8-94A9-F6CA4F2CC2F1}"
EndProject
Project("{9A19103F-16F7-4668-BE54-9A1E7A4F7556}") = "FinalProject", "final\FinalProject\FinalProject.csproj", "{0BD29186-F41B-4396-8AA0-90C810FA93D4}"
EndProject
Project("{9A19103F-16F7-4668-BE54-9A1E7A4F7556}") = "Foundation1", "final\Foundation1\Foundation1.csproj", "{8D1D636C-F33C-46B7-911D-17F44175B860}"
EndProject
Project("{9A19103F-16F7-4668-BE54-9A1E7A4F7556}") = "Foundation2", "final\Foundation2\Foundation2.csproj", "{B606AEE6-69FF-4CE6-87B7-337DC761512D}"
EndProject
Project("{9A19103F-16F7-4668-BE54-9A1E7A4F7556}") = "Foundation3", "final\Foundation3\Foundation3.csproj", "{2EBC52D8-EA79-415A-B70F-7D136B25EC54}"
EndProject
Project("{9A19103F-16F7-4668-BE54-9A1E7A4F7556}") = "Foundation4", "final\Foundation4\Foundation4.csproj", "{188A7A76-B436-4E9E-BEC2-26FFB80448DB}"
EndProject
Project("{2150E333-8FDC-42A3-9474-1A3956D46DE8}") = "prepare", "prepare", "{90B40DB1-AE04-402F-8833-60625E04EB60}"
EndProject
Project("{9A19103F-16F7-4668-BE54-9A1E7A4F7556}") = "Learning02", "prepare\Learning02\Learning02.csproj", "{97668CC0-D7E2-4874-A469-05A926D2C041}"
EndProject
Project("{9A19103F-16F7-4668-BE54-9A1E7A4F7556}") = "Learning03", "prepare\Learning03\Learning03.csproj", "{9CFE5244-C788-4E7E-BB54-B9FAF21797F1}"
EndProject
Project("{9A19103F-16F7-4668-BE54-9A1E7A4F7556}") = "Learning04", "prepare\Learning04\Learning04.csproj", "{380BEB68-658F-49FC-B08D-A7CB44F94AFF}"
EndProject
Project("{9A19103F-16F7-4668-BE54-9A1E7A4F7556}") = "Learning05", "prepare\Learning05\Learning05.csproj", "{697C3CB5-FA93-483F-9282-174542CE2827}"
EndProject
Project("{2150E333-8FDC-42A3-9474-1A3956D46DE8}") = "prove", "prove", "{752E2570-FC95-4F2B-B956-03CFC8A41318}"
EndProject
Project("{9A19103F-16F7-4668-BE54-9A1E7A4F7556}") = "Develop02", "prove\Develop02\Develop02.csproj", "{CF13A60F-6C34-4631-965F-920BD0F74EFE}"
EndProject
Project("{9A19103F-16F7-4668-BE54-9A1E7A4F7556}") = "Develop03", "prove\Develop03\Develop03.csproj", "{DFC9234E-2452-4A7C-9354-13574A69197E}"
EndProject
Project("{9A19103F-16F7-4668-BE54-9A1E7A4F7556}") = "Develop04", "prove\Develop04\Develop04.csproj", "{2F842F14-B886-4FF0-A5EC-C95DC7AB373C}"
EndProject
Project("{9A19103F-16F7-4668-BE54-9A1E7A4F7556}") = "Develop05", "prove\Develop05\Develop05.csproj", "{6ABA836C-912F-44FB-98BC-F3E62590AF09}"
EndProject
Project("{2150E333-8FDC-42A3-9474-1A3956D46DE8}") = "sandbox", "sandbox", "{93D4BDC2-3AB8-42E2-B389-8793937C4710}"
EndProject
Project("{9A19103F-16F7-4668-BE54-9A1E7A4F7556}") = "Sandbox", "sandbox\Sandbox\Sandbox.csproj", "{4FCDC8BC-94CF-4274-8B92-73E410A0622F}"
EndProject
Global
	GlobalSection(SolutionConfigurationPlatforms) = preSolution
		Debug|Any CPU = Debug|Any CPU
		Release|Any CPU = Release|Any CPU
	EndGlobalSection
	GlobalSection(ProjectConfigurationPlatforms) = postSolution
		{E6D9D10E-19BE-40F5-8C3A-C0884FCA8F7D}.Debug|Any CPU.ActiveCfg = Debug|Any CPU
		{E6D9D10E-19BE-40F5-8C3A-C0884FCA8F7D}.Debug|Any CPU.Build.0 = Debug|Any CPU
		{E6D9D10E-19BE-40F5-8C3A-C0884FCA8F7D}.Release|Any CPU.ActiveCfg = Release|Any CPU
		{E6D9D10E-19BE-40F5-8C3A-C0884FCA8F7D}.Release|Any CPU.Build.0 = Release|Any CPU
		{D4144F0A-946A-4AD4-92F6-39319BD4CF1F}.Debug|Any CPU.ActiveCfg = Debug|Any CPU
		{D4144F0A-946A-4AD4-92F6-39319BD4CF1F}.Debug|Any CPU.Build.0 = Debug|Any CPU
		{D4144F0A-946A-4AD4-92F6-39319BD4CF1F}.Release|Any CPU.ActiveCfg = Release|Any CPU
		{D4144F0A-946A-4AD4-92F6-39319BD4CF1F}.Release|Any CPU.Build.0 = Release|Any CPU
		{DA58D92C-4F08-4C3D-9C7D-10351A58C757}.Debug|Any CPU.ActiveCfg = Debug|Any CPU
		{DA58D92C-4F08-4C3D-9C7D-10351A58C757}.Debug|Any CPU.Build.0 = Debug|Any CPU
		{DA58D92C-4F08-4C3D-9C7D-10351A58C757}.Release|Any CPU.ActiveCfg = Release|Any CPU
		{DA58D92C-4F08-4C3D-9C7D-10351A58C757}.Release|Any CPU.Build.0 = Release|Any CPU
		{E82D956E-9329-4D31-B7E8-2944ECD880D8}.Debug|Any CPU.ActiveCfg = Debug|Any CPU
		{E82D956E-9329-4D31-B7E8-2944ECD880D8}.Debug|Any CPU.Build.0 = Debug|Any CPU
		{E82D956E-9329-4D31-B7E8-2944ECD880D8}.Release|Any CPU.ActiveCfg = Release|Any CPU
		{E82D956E-9329-4D31-B7E8-2944ECD880D8}.Release|Any CPU.Build.0 = Release|Any CPU
		{E0124FB2-902D-4751-BD10-5AB6C80AD360}.Debug|Any CPU.ActiveCfg = Debug|Any CPU
		{E0124FB2-902D-4751-BD10-5AB6C80AD360}.Debug|Any CPU.Build.0 = Debug|Any CPU
		{E0124FB2-902D-4751-BD10-5AB6C80AD360}.Release|Any CPU.ActiveCfg = Release|Any CPU
		{E0124FB2-902D-4751-BD10-5AB6C80AD360}.Release|Any CPU.Build.0 = Release|Any CPU
		{0BD29186-F41B-4396-8AA0-90C810FA93D4}.Debug|Any CPU.ActiveCfg = Debug|Any CPU
		{0BD29186-F41B-4396-8AA0-90C810FA93D4}.Debug|Any CPU.Build.0 = Debug|Any CPU
		{0BD29186-F41B-4396-8AA0-90C810FA93D4}.Release|Any CPU.ActiveCfg = Release|Any CPU
		{0BD29186-F41B-4396-8AA0-90C810FA93D4}.Release|Any CPU.Build.0 = Release|Any CPU
		{8D1D636C-F33C-46B7-911D-17F44175B860}.Debug|Any CPU.ActiveCfg = Debug|Any CPU
		{8D1D636C-F33C-46B7-911D-17F44175B860}.Debug|Any CPU.Build.0 = Debug|Any CPU
		{8D1D636C-F33C-46B7-911D-17F44175B860}.Release|Any CPU.ActiveCfg = Release|Any CPU
		{8D1D636C-F33C-46B7-911D-17F44175B860}.Release|Any CPU.Build.0 = Release|Any CPU
		{B606AEE6-69FF-4CE6-87B7-337DC761512D}.Debug|Any CPU.ActiveCfg = Debug|Any CPU
		{B606AEE6-69FF-4CE6-87B7-337DC761512D}.Debug|Any CPU.Build.0 = Debug|Any CPU
		{B606AEE6-69FF-4CE6-87B7-337DC761512D}.Release|Any CPU.ActiveCfg = Release|Any CPU
		{B606AEE6-69FF-4CE6-87B7-337DC761512D}.Release|Any CPU.Build.0 = Release|Any CPU
		{2EBC52D8-EA79-415A-B70F-7D136B25EC54}.Debug|Any CPU.ActiveCfg = Debug|Any CPU
		{2EBC52D8-EA79-415A-B70F-7D136B25EC54}.Debug|Any CPU.Build.0 = Debug|Any CPU
		{2EBC52D8-EA79-415A-B70F-7D136B25EC54}.Release|Any CPU.ActiveCfg = Release|Any CPU
		{2EBC52D8-EA79-415A-B70F-7D136B25EC54}.Release|Any CPU.Build.0 = Release|Any CPU
		{188A7A76-B436-4E9E-BEC2-26FFB80448DB}.Debug|Any CPU.ActiveCfg = Debug|Any CPU
		{188A7A76-B436-4E9E-BEC2-26FFB80448DB}.Debug|Any CPU.Build.0 = Debug|Any CPU
		{188A7A76-B436-4E9E-BEC2-26FFB80448DB}.Release|Any CPU.ActiveCfg = Release|Any CPU
		{188A7A76-B436-4E9E-BEC2-26FFB80448DB}.Release|Any CPU.Build.0 = Release|Any CPU
		{97668CC0-D7E2-4874-A469-05A926D2C041}.Debug|Any CPU.ActiveCfg = Debug|Any CPU
		{97668CC0-D7E2-4874-A469-05A926D2C041}.Debug|Any CPU.Build.0 = Debug|Any CPU
		{97668CC0-D7E2-4874-A469-05A926D2C041}.Release|Any CPU.ActiveCfg = Release|Any CPU
		{97668CC0-D7E2-4874-A469-05A926D2C041}.Release|Any CPU.Build.0 = Release|Any CPU
		{9CFE5244-C788-4E7E-BB54-B9FAF21797F1}.Debug|Any CPU.ActiveCfg = Debug|Any CPU
		{9CFE5244-C788-4E7E-BB54-B9FAF21797F1}.Debug|Any CPU.Build.0 = Debug|Any CPU
		{9CFE5244-C788-4E7E-BB54-B9FAF21797F1}.Release|Any CPU.ActiveCfg = Release|Any CPU
		{9CFE5244-C788-4E7E-BB54-B9FAF21797F1}.Release|Any CPU.Build.0 = Release|Any CPU
		{380BEB68-658F-49FC-B08D-A7CB44F94AFF}.Debug|Any CPU.ActiveCfg = Debug|Any CPU
		{380BEB68-658F-49FC-B08D-A7CB44F94AFF}.Debug|Any CPU.Build.0 = Debug|Any CPU
		{380BEB68-658F-49FC-B08D-A7CB44F94AFF}.Release|Any CPU.ActiveCfg = Release|Any CPU
		{380BEB68-658F-49FC-B08D-A7CB44F94AFF}.Release|Any CPU.Build.0 = Release|Any CPU
		{697C3CB5-FA93-483F-9282-174542CE2827}.Debug|Any CPU.ActiveCfg = Debug|Any CPU
		{697C3CB5-FA93-483F-9282-174542CE2827}.Debug|Any CPU.Build.0 = Debug|Any CPU
		{697C3CB5-FA93-483F-9282-174542CE2827}.Release|Any CPU.ActiveCfg = Release|Any CPU
		{697C3CB5-FA93-483F-9282-174542CE2827}.Release|Any CPU.Build.0 = Release|Any CPU
		{CF13A60F-6C34-4631-965F-920BD0F74EFE}.Debug|Any CPU.ActiveCfg = Debug|Any CPU
		{CF13A60F-6C34-4631-965F-920BD0F74EFE}.Debug|Any CPU.Build.0 = Debug|Any CPU
		{CF13A60F-6C34-4631-965F-920BD0F74EFE}.Release|Any CPU.ActiveCfg = Release|Any CPU
		{CF13A60F-6C34-4631-965F-920BD0F74EFE}.Release|Any CPU.Build.0 = Release|Any CPU
		{DFC9234E-2452-4A7C-9354-13574A69197E}.Debug|Any CPU.ActiveCfg = Debug|Any CPU
		{DFC9234E-2452-4A7C-9354-13574A69197E}.Debug|Any CPU.Build.0 = Debug|Any CPU
		{DFC9234E-2452-4A7C-9354-13574A69197E}.Release|Any CPU.ActiveCfg = Release|Any CPU
		{DFC9234E-2452-4A7C-9354-13574A69197E}.Release|Any CPU.Build.0 = Release|Any CPU
		{2F842F14-B886-4FF0-A5EC-C95DC7AB373C}.Debug|Any CPU.ActiveCfg = Debug|Any CPU
		{2F842F14-B886-4FF0-A5EC-C95DC7AB373C}.Debug|Any CPU.Build.0 = Debug|Any CPU
		{2F842F14-B886-4FF0-A5EC-C95DC7AB373C}.Release|Any CPU.ActiveCfg = Release|Any CPU
		{2F842F14-B886-4FF0-A5EC-C95DC7AB373C}.Release|Any CPU.Build.0 = Release|Any CPU
		{6ABA836C-912F-44FB-98BC-F3E62590AF09}.Debug|Any CPU.ActiveCfg = Debug|Any CPU
		{6ABA836C-912F-44FB-98BC-F3E62590AF09}.Debug|Any CPU.Build.0 = Debug|Any CPU
		{6ABA836C-912F-44FB-98BC-F3E62590AF09}.Release|Any CPU.ActiveCfg = Release|Any CPU
		{6ABA836C-912F-44FB-98BC-F3E62590AF09}.Release|Any CPU.Build.0 = Release|Any CPU
		{4FCDC8BC-94CF-4274-8B92-73E410A0622F}.Debug|Any CPU.ActiveCfg = Debug|Any CPU
		{4FCDC8BC-94CF-4274-8B92-73E410A0622F}.Debug|Any CPU.Build.0 = Debug|Any CPU
		{4FCDC8BC-94CF-4274-8B92-73E410A0622F}.Release|Any CPU.ActiveCfg = Release|Any CPU
		{4FCDC8BC-94CF-4274-8B92-73E410A0622F}.Release|Any CPU.Build.0 = Release|Any CPU
	EndGlobalSection
	GlobalSection(SolutionProperties) = preSolution
		HideSolutionNode = FALSE
	EndGlobalSection
	GlobalSection(NestedProjects) = preSolution
		{E6D9D10E-19BE-40F5-8C3A-C0884FCA8F7D} = {0577E2DE-2FFC-49CB-9985-171702F86906}
		{D4144F0A-946A-4AD4-92F6-39319BD4CF1F} = {0577E2DE-2FFC-49CB-9985-171702F86906}
		{DA58D92C-4F08-4C3D-9C7D-10351A58C757} = {0577E2DE-2FFC-49CB-9985-171702F86906}
		{E82D956E-9329-4D31-B7E8-2944ECD880D8} = {0577E2DE-2FFC-49CB-9985-171702F86906}
		{E0124FB2-902D-4751-BD10-5AB6C80AD360} = {0577E2DE-2FFC-49CB-9985-171702F86906}
		{0BD29186-F41B-4396-8AA0-90C810FA93D4} = {AA742F57-BF4B-48E8-94A9-F6CA4F2CC2F1}
		{8D1D636C-F33C-46B7-911D-17F44175B860} = {AA742F57-BF4B-48E8-94A9-F6CA4F2CC2F1}
		{B606AEE6-69FF-4CE6-87B7-337DC761512D} = {AA742F57-BF4B-48E8-94A9-F6CA4F2CC2F1}
		{2EBC52D8-EA79-415A-B70F-7D136B25EC54} = {AA742F57-BF4B-48E8-94A9-F6CA4F2CC2F1}
		{188A7A76-B436-4E9E-BEC2-26FFB80448DB} = {AA742F57-BF4B-48E8-94A9-F6CA4F2CC2F1}
		{97668CC0-D7E2-4874-A469-05A926D2C041} = {90B40DB1-AE04-402F-8833-60625E04EB60}
		{9CFE5244-C788-4E7E-BB54-B9FAF21797F1} = {90B40DB1-AE04-402F-8833-60625E04EB60}
		{380BEB68-658F-49FC-B08D-A7CB44F94AFF} = {90B40DB1-AE04-402F-8833-60625E04EB60}
		{697C3CB5-FA93-483F-9282-174542CE2827} = {90B40DB1-AE04-402F-8833-60625E04EB60}
		{CF13A60F-6C34-4631-965F-920BD0F74EFE} = {752E2570-FC95-4F2B-B956-03CFC8A41318}
		{DFC9234E-2452-4A7C-9354-13574A69197E} = {752E2570-FC95-4F2B-B956-03CFC8A41318}
		{2F842F14-B886-4FF0-A5EC-C95DC7AB373C} = {752E2570-FC95-4F2B-B956-03CFC8A41318}
		{6ABA836C-912F-44FB-98BC-F3E62590AF09} = {752E2570-FC95-4F2B-B956-03CFC8A41318}
		{4FCDC8BC-94CF-4274-8B92-73E410A0622F} = {93D4BDC2-3AB8-42E2-B389-8793937C4710}
	EndGlobalSection
	GlobalSection(ExtensibilityGlobals) = postSolution
		SolutionGuid = {F193429B-6283-4E78-8CB8-F54C5B56D454}
	EndGlobalSection
EndGlobal
